
Microsoft Visual Studio Solution File, Format Version 11.00
# Visual Studio 2010
Project("{FAE04EC0-301F-11D3-BF4B-00C04F79EFBC}") = "Split Timer Test", "Assembly-CSharp.csproj", "{8850C336-6337-7315-D3B3-8E4C88884CF3}"
EndProject
Global
	GlobalSection(SolutionConfigurationPlatforms) = preSolution
		Debug|Any CPU = Debug|Any CPU
		Release|Any CPU = Release|Any CPU
	EndGlobalSection
	GlobalSection(ProjectConfigurationPlatforms) = postSolution
		{8850C336-6337-7315-D3B3-8E4C88884CF3}.Debug|Any CPU.ActiveCfg = Debug|Any CPU
		{8850C336-6337-7315-D3B3-8E4C88884CF3}.Debug|Any CPU.Build.0 = Debug|Any CPU
		{8850C336-6337-7315-D3B3-8E4C88884CF3}.Release|Any CPU.ActiveCfg = Release|Any CPU
		{8850C336-6337-7315-D3B3-8E4C88884CF3}.Release|Any CPU.Build.0 = Release|Any CPU
	EndGlobalSection
	GlobalSection(SolutionProperties) = preSolution
		HideSolutionNode = FALSE
	EndGlobalSection
	GlobalSection(MonoDevelopProperties) = preSolution
		StartupItem = Assembly-CSharp.csproj
	EndGlobalSection
EndGlobal
